// !$*UTF8*$!
{
	archiveVersion = 1;
	classes = {
	};
	objectVersion = 46;
	objects = {

/* Begin PBXBuildFile section */
		D97D90111F1F9B0600A523D9 /* AppDelegate.swift in Sources */ = {isa = PBXBuildFile; fileRef = D97D90101F1F9B0600A523D9 /* AppDelegate.swift */; };
		D97D90131F1F9B0600A523D9 /* ViewController.swift in Sources */ = {isa = PBXBuildFile; fileRef = D97D90121F1F9B0600A523D9 /* ViewController.swift */; };
		D97D90161F1F9B0600A523D9 /* Main.storyboard in Resources */ = {isa = PBXBuildFile; fileRef = D97D90141F1F9B0600A523D9 /* Main.storyboard */; };
		D97D90181F1F9B0600A523D9 /* Assets.xcassets in Resources */ = {isa = PBXBuildFile; fileRef = D97D90171F1F9B0600A523D9 /* Assets.xcassets */; };
		D97D901B1F1F9B0600A523D9 /* LaunchScreen.storyboard in Resources */ = {isa = PBXBuildFile; fileRef = D97D90191F1F9B0600A523D9 /* LaunchScreen.storyboard */; };
		D97D90261F1F9B0600A523D9 /* CoordinateTransformationTests.swift in Sources */ = {isa = PBXBuildFile; fileRef = D97D90251F1F9B0600A523D9 /* CoordinateTransformationTests.swift */; };
		D97D90311F1F9B0600A523D9 /* CoordinateTransformationUITests.swift in Sources */ = {isa = PBXBuildFile; fileRef = D97D90301F1F9B0600A523D9 /* CoordinateTransformationUITests.swift */; };
		D97D904D1F1F9B5B00A523D9 /* CoordinateKit.framework in Frameworks */ = {isa = PBXBuildFile; fileRef = D97D90441F1F9B5B00A523D9 /* CoordinateKit.framework */; };
		D97D90541F1F9B5C00A523D9 /* CoordinateKitTests.swift in Sources */ = {isa = PBXBuildFile; fileRef = D97D90531F1F9B5C00A523D9 /* CoordinateKitTests.swift */; };
		D97D90561F1F9B5C00A523D9 /* CoordinateKit.h in Headers */ = {isa = PBXBuildFile; fileRef = D97D90461F1F9B5B00A523D9 /* CoordinateKit.h */; settings = {ATTRIBUTES = (Public, ); }; };
		D97D90591F1F9B5C00A523D9 /* CoordinateKit.framework in Frameworks */ = {isa = PBXBuildFile; fileRef = D97D90441F1F9B5B00A523D9 /* CoordinateKit.framework */; };
		D97D905A1F1F9B5C00A523D9 /* CoordinateKit.framework in Embed Frameworks */ = {isa = PBXBuildFile; fileRef = D97D90441F1F9B5B00A523D9 /* CoordinateKit.framework */; settings = {ATTRIBUTES = (CodeSignOnCopy, RemoveHeadersOnCopy, ); }; };
		D97D90641F1F9B9500A523D9 /* CoordinateTransformation.swift in Sources */ = {isa = PBXBuildFile; fileRef = D97D90631F1F9B9500A523D9 /* CoordinateTransformation.swift */; };
		D97D90651F1F9EEE00A523D9 /* CoordinateTransformation.swift in Headers */ = {isa = PBXBuildFile; fileRef = D97D90631F1F9B9500A523D9 /* CoordinateTransformation.swift */; settings = {ATTRIBUTES = (Public, ); }; };
/* End PBXBuildFile section */

/* Begin PBXContainerItemProxy section */
		D97D90221F1F9B0600A523D9 /* PBXContainerItemProxy */ = {
			isa = PBXContainerItemProxy;
			containerPortal = D97D90051F1F9B0600A523D9 /* Project object */;
			proxyType = 1;
			remoteGlobalIDString = D97D900C1F1F9B0600A523D9;
			remoteInfo = CoordinateTransformation;
		};
		D97D902D1F1F9B0600A523D9 /* PBXContainerItemProxy */ = {
			isa = PBXContainerItemProxy;
			containerPortal = D97D90051F1F9B0600A523D9 /* Project object */;
			proxyType = 1;
			remoteGlobalIDString = D97D900C1F1F9B0600A523D9;
			remoteInfo = CoordinateTransformation;
		};
		D97D904E1F1F9B5C00A523D9 /* PBXContainerItemProxy */ = {
			isa = PBXContainerItemProxy;
			containerPortal = D97D90051F1F9B0600A523D9 /* Project object */;
			proxyType = 1;
			remoteGlobalIDString = D97D90431F1F9B5B00A523D9;
			remoteInfo = CoordinateKit;
		};
		D97D90501F1F9B5C00A523D9 /* PBXContainerItemProxy */ = {
			isa = PBXContainerItemProxy;
			containerPortal = D97D90051F1F9B0600A523D9 /* Project object */;
			proxyType = 1;
			remoteGlobalIDString = D97D900C1F1F9B0600A523D9;
			remoteInfo = CoordinateTransformation;
		};
		D97D90571F1F9B5C00A523D9 /* PBXContainerItemProxy */ = {
			isa = PBXContainerItemProxy;
			containerPortal = D97D90051F1F9B0600A523D9 /* Project object */;
			proxyType = 1;
			remoteGlobalIDString = D97D90431F1F9B5B00A523D9;
			remoteInfo = CoordinateKit;
		};
/* End PBXContainerItemProxy section */

/* Begin PBXCopyFilesBuildPhase section */
		D97D905E1F1F9B5C00A523D9 /* Embed Frameworks */ = {
			isa = PBXCopyFilesBuildPhase;
			buildActionMask = 2147483647;
			dstPath = "";
			dstSubfolderSpec = 10;
			files = (
				D97D905A1F1F9B5C00A523D9 /* CoordinateKit.framework in Embed Frameworks */,
			);
			name = "Embed Frameworks";
			runOnlyForDeploymentPostprocessing = 0;
		};
/* End PBXCopyFilesBuildPhase section */

/* Begin PBXFileReference section */
		D97D900D1F1F9B0600A523D9 /* CoordinateTransformation.app */ = {isa = PBXFileReference; explicitFileType = wrapper.application; includeInIndex = 0; path = CoordinateTransformation.app; sourceTree = BUILT_PRODUCTS_DIR; };
		D97D90101F1F9B0600A523D9 /* AppDelegate.swift */ = {isa = PBXFileReference; lastKnownFileType = sourcecode.swift; path = AppDelegate.swift; sourceTree = "<group>"; };
		D97D90121F1F9B0600A523D9 /* ViewController.swift */ = {isa = PBXFileReference; lastKnownFileType = sourcecode.swift; path = ViewController.swift; sourceTree = "<group>"; };
		D97D90151F1F9B0600A523D9 /* Base */ = {isa = PBXFileReference; lastKnownFileType = file.storyboard; name = Base; path = Base.lproj/Main.storyboard; sourceTree = "<group>"; };
		D97D90171F1F9B0600A523D9 /* Assets.xcassets */ = {isa = PBXFileReference; lastKnownFileType = folder.assetcatalog; path = Assets.xcassets; sourceTree = "<group>"; };
		D97D901A1F1F9B0600A523D9 /* Base */ = {isa = PBXFileReference; lastKnownFileType = file.storyboard; name = Base; path = Base.lproj/LaunchScreen.storyboard; sourceTree = "<group>"; };
		D97D901C1F1F9B0600A523D9 /* Info.plist */ = {isa = PBXFileReference; lastKnownFileType = text.plist.xml; path = Info.plist; sourceTree = "<group>"; };
		D97D90211F1F9B0600A523D9 /* CoordinateTransformationTests.xctest */ = {isa = PBXFileReference; explicitFileType = wrapper.cfbundle; includeInIndex = 0; path = CoordinateTransformationTests.xctest; sourceTree = BUILT_PRODUCTS_DIR; };
		D97D90251F1F9B0600A523D9 /* CoordinateTransformationTests.swift */ = {isa = PBXFileReference; lastKnownFileType = sourcecode.swift; path = CoordinateTransformationTests.swift; sourceTree = "<group>"; };
		D97D90271F1F9B0600A523D9 /* Info.plist */ = {isa = PBXFileReference; lastKnownFileType = text.plist.xml; path = Info.plist; sourceTree = "<group>"; };
		D97D902C1F1F9B0600A523D9 /* CoordinateTransformationUITests.xctest */ = {isa = PBXFileReference; explicitFileType = wrapper.cfbundle; includeInIndex = 0; path = CoordinateTransformationUITests.xctest; sourceTree = BUILT_PRODUCTS_DIR; };
		D97D90301F1F9B0600A523D9 /* CoordinateTransformationUITests.swift */ = {isa = PBXFileReference; lastKnownFileType = sourcecode.swift; path = CoordinateTransformationUITests.swift; sourceTree = "<group>"; };
		D97D90321F1F9B0600A523D9 /* Info.plist */ = {isa = PBXFileReference; lastKnownFileType = text.plist.xml; path = Info.plist; sourceTree = "<group>"; };
		D97D90441F1F9B5B00A523D9 /* CoordinateKit.framework */ = {isa = PBXFileReference; explicitFileType = wrapper.framework; includeInIndex = 0; path = CoordinateKit.framework; sourceTree = BUILT_PRODUCTS_DIR; };
		D97D90461F1F9B5B00A523D9 /* CoordinateKit.h */ = {isa = PBXFileReference; lastKnownFileType = sourcecode.c.h; path = CoordinateKit.h; sourceTree = "<group>"; };
		D97D90471F1F9B5B00A523D9 /* Info.plist */ = {isa = PBXFileReference; lastKnownFileType = text.plist.xml; path = Info.plist; sourceTree = "<group>"; };
		D97D904C1F1F9B5B00A523D9 /* CoordinateKitTests.xctest */ = {isa = PBXFileReference; explicitFileType = wrapper.cfbundle; includeInIndex = 0; path = CoordinateKitTests.xctest; sourceTree = BUILT_PRODUCTS_DIR; };
		D97D90531F1F9B5C00A523D9 /* CoordinateKitTests.swift */ = {isa = PBXFileReference; lastKnownFileType = sourcecode.swift; path = CoordinateKitTests.swift; sourceTree = "<group>"; };
		D97D90551F1F9B5C00A523D9 /* Info.plist */ = {isa = PBXFileReference; lastKnownFileType = text.plist.xml; path = Info.plist; sourceTree = "<group>"; };
		D97D90631F1F9B9500A523D9 /* CoordinateTransformation.swift */ = {isa = PBXFileReference; fileEncoding = 4; lastKnownFileType = sourcecode.swift; path = CoordinateTransformation.swift; sourceTree = "<group>"; };
/* End PBXFileReference section */

/* Begin PBXFrameworksBuildPhase section */
		D97D900A1F1F9B0600A523D9 /* Frameworks */ = {
			isa = PBXFrameworksBuildPhase;
			buildActionMask = 2147483647;
			files = (
				D97D90591F1F9B5C00A523D9 /* CoordinateKit.framework in Frameworks */,
			);
			runOnlyForDeploymentPostprocessing = 0;
		};
		D97D901E1F1F9B0600A523D9 /* Frameworks */ = {
			isa = PBXFrameworksBuildPhase;
			buildActionMask = 2147483647;
			files = (
			);
			runOnlyForDeploymentPostprocessing = 0;
		};
		D97D90291F1F9B0600A523D9 /* Frameworks */ = {
			isa = PBXFrameworksBuildPhase;
			buildActionMask = 2147483647;
			files = (
			);
			runOnlyForDeploymentPostprocessing = 0;
		};
		D97D90401F1F9B5B00A523D9 /* Frameworks */ = {
			isa = PBXFrameworksBuildPhase;
			buildActionMask = 2147483647;
			files = (
			);
			runOnlyForDeploymentPostprocessing = 0;
		};
		D97D90491F1F9B5B00A523D9 /* Frameworks */ = {
			isa = PBXFrameworksBuildPhase;
			buildActionMask = 2147483647;
			files = (
				D97D904D1F1F9B5B00A523D9 /* CoordinateKit.framework in Frameworks */,
			);
			runOnlyForDeploymentPostprocessing = 0;
		};
/* End PBXFrameworksBuildPhase section */

/* Begin PBXGroup section */
		D97D90041F1F9B0600A523D9 = {
			isa = PBXGroup;
			children = (
				D97D900F1F1F9B0600A523D9 /* CoordinateTransformation */,
				D97D90241F1F9B0600A523D9 /* CoordinateTransformationTests */,
				D97D902F1F1F9B0600A523D9 /* CoordinateTransformationUITests */,
				D97D90451F1F9B5B00A523D9 /* CoordinateKit */,
				D97D90521F1F9B5C00A523D9 /* CoordinateKitTests */,
				D97D900E1F1F9B0600A523D9 /* Products */,
			);
			sourceTree = "<group>";
		};
		D97D900E1F1F9B0600A523D9 /* Products */ = {
			isa = PBXGroup;
			children = (
				D97D900D1F1F9B0600A523D9 /* CoordinateTransformation.app */,
				D97D90211F1F9B0600A523D9 /* CoordinateTransformationTests.xctest */,
				D97D902C1F1F9B0600A523D9 /* CoordinateTransformationUITests.xctest */,
				D97D90441F1F9B5B00A523D9 /* CoordinateKit.framework */,
				D97D904C1F1F9B5B00A523D9 /* CoordinateKitTests.xctest */,
			);
			name = Products;
			sourceTree = "<group>";
		};
		D97D900F1F1F9B0600A523D9 /* CoordinateTransformation */ = {
			isa = PBXGroup;
			children = (
				D97D90101F1F9B0600A523D9 /* AppDelegate.swift */,
				D97D90121F1F9B0600A523D9 /* ViewController.swift */,
				D97D90141F1F9B0600A523D9 /* Main.storyboard */,
				D97D903E1F1F9B1400A523D9 /* Supporting Files */,
			);
			path = CoordinateTransformation;
			sourceTree = "<group>";
		};
		D97D90241F1F9B0600A523D9 /* CoordinateTransformationTests */ = {
			isa = PBXGroup;
			children = (
				D97D90251F1F9B0600A523D9 /* CoordinateTransformationTests.swift */,
				D97D90271F1F9B0600A523D9 /* Info.plist */,
			);
			path = CoordinateTransformationTests;
			sourceTree = "<group>";
		};
		D97D902F1F1F9B0600A523D9 /* CoordinateTransformationUITests */ = {
			isa = PBXGroup;
			children = (
				D97D90301F1F9B0600A523D9 /* CoordinateTransformationUITests.swift */,
				D97D90321F1F9B0600A523D9 /* Info.plist */,
			);
			path = CoordinateTransformationUITests;
			sourceTree = "<group>";
		};
		D97D903E1F1F9B1400A523D9 /* Supporting Files */ = {
			isa = PBXGroup;
			children = (
				D97D90171F1F9B0600A523D9 /* Assets.xcassets */,
				D97D90191F1F9B0600A523D9 /* LaunchScreen.storyboard */,
				D97D901C1F1F9B0600A523D9 /* Info.plist */,
			);
			name = "Supporting Files";
			sourceTree = "<group>";
		};
		D97D90451F1F9B5B00A523D9 /* CoordinateKit */ = {
			isa = PBXGroup;
			children = (
				D97D90621F1F9B6D00A523D9 /* Supporting Files */,
				D97D90631F1F9B9500A523D9 /* CoordinateTransformation.swift */,
			);
			path = CoordinateKit;
			sourceTree = "<group>";
		};
		D97D90521F1F9B5C00A523D9 /* CoordinateKitTests */ = {
			isa = PBXGroup;
			children = (
				D97D90531F1F9B5C00A523D9 /* CoordinateKitTests.swift */,
				D97D90551F1F9B5C00A523D9 /* Info.plist */,
			);
			path = CoordinateKitTests;
			sourceTree = "<group>";
		};
		D97D90621F1F9B6D00A523D9 /* Supporting Files */ = {
			isa = PBXGroup;
			children = (
				D97D90461F1F9B5B00A523D9 /* CoordinateKit.h */,
				D97D90471F1F9B5B00A523D9 /* Info.plist */,
			);
			name = "Supporting Files";
			sourceTree = "<group>";
		};
/* End PBXGroup section */

/* Begin PBXHeadersBuildPhase section */
		D97D90411F1F9B5B00A523D9 /* Headers */ = {
			isa = PBXHeadersBuildPhase;
			buildActionMask = 2147483647;
			files = (
				D97D90561F1F9B5C00A523D9 /* CoordinateKit.h in Headers */,
				D97D90651F1F9EEE00A523D9 /* CoordinateTransformation.swift in Headers */,
			);
			runOnlyForDeploymentPostprocessing = 0;
		};
/* End PBXHeadersBuildPhase section */

/* Begin PBXNativeTarget section */
		D97D900C1F1F9B0600A523D9 /* CoordinateTransformation */ = {
			isa = PBXNativeTarget;
			buildConfigurationList = D97D90351F1F9B0600A523D9 /* Build configuration list for PBXNativeTarget "CoordinateTransformation" */;
			buildPhases = (
				D97D90091F1F9B0600A523D9 /* Sources */,
				D97D900A1F1F9B0600A523D9 /* Frameworks */,
				D97D900B1F1F9B0600A523D9 /* Resources */,
				D97D905E1F1F9B5C00A523D9 /* Embed Frameworks */,
			);
			buildRules = (
			);
			dependencies = (
				D97D90581F1F9B5C00A523D9 /* PBXTargetDependency */,
			);
			name = CoordinateTransformation;
			productName = CoordinateTransformation;
			productReference = D97D900D1F1F9B0600A523D9 /* CoordinateTransformation.app */;
			productType = "com.apple.product-type.application";
		};
		D97D90201F1F9B0600A523D9 /* CoordinateTransformationTests */ = {
			isa = PBXNativeTarget;
			buildConfigurationList = D97D90381F1F9B0600A523D9 /* Build configuration list for PBXNativeTarget "CoordinateTransformationTests" */;
			buildPhases = (
				D97D901D1F1F9B0600A523D9 /* Sources */,
				D97D901E1F1F9B0600A523D9 /* Frameworks */,
				D97D901F1F1F9B0600A523D9 /* Resources */,
			);
			buildRules = (
			);
			dependencies = (
				D97D90231F1F9B0600A523D9 /* PBXTargetDependency */,
			);
			name = CoordinateTransformationTests;
			productName = CoordinateTransformationTests;
			productReference = D97D90211F1F9B0600A523D9 /* CoordinateTransformationTests.xctest */;
			productType = "com.apple.product-type.bundle.unit-test";
		};
		D97D902B1F1F9B0600A523D9 /* CoordinateTransformationUITests */ = {
			isa = PBXNativeTarget;
			buildConfigurationList = D97D903B1F1F9B0600A523D9 /* Build configuration list for PBXNativeTarget "CoordinateTransformationUITests" */;
			buildPhases = (
				D97D90281F1F9B0600A523D9 /* Sources */,
				D97D90291F1F9B0600A523D9 /* Frameworks */,
				D97D902A1F1F9B0600A523D9 /* Resources */,
			);
			buildRules = (
			);
			dependencies = (
				D97D902E1F1F9B0600A523D9 /* PBXTargetDependency */,
			);
			name = CoordinateTransformationUITests;
			productName = CoordinateTransformationUITests;
			productReference = D97D902C1F1F9B0600A523D9 /* CoordinateTransformationUITests.xctest */;
			productType = "com.apple.product-type.bundle.ui-testing";
		};
		D97D90431F1F9B5B00A523D9 /* CoordinateKit */ = {
			isa = PBXNativeTarget;
			buildConfigurationList = D97D905B1F1F9B5C00A523D9 /* Build configuration list for PBXNativeTarget "CoordinateKit" */;
			buildPhases = (
				D97D903F1F1F9B5B00A523D9 /* Sources */,
				D97D90401F1F9B5B00A523D9 /* Frameworks */,
				D97D90411F1F9B5B00A523D9 /* Headers */,
				D97D90421F1F9B5B00A523D9 /* Resources */,
			);
			buildRules = (
			);
			dependencies = (
			);
			name = CoordinateKit;
			productName = CoordinateKit;
			productReference = D97D90441F1F9B5B00A523D9 /* CoordinateKit.framework */;
			productType = "com.apple.product-type.framework";
		};
		D97D904B1F1F9B5B00A523D9 /* CoordinateKitTests */ = {
			isa = PBXNativeTarget;
			buildConfigurationList = D97D905F1F1F9B5C00A523D9 /* Build configuration list for PBXNativeTarget "CoordinateKitTests" */;
			buildPhases = (
				D97D90481F1F9B5B00A523D9 /* Sources */,
				D97D90491F1F9B5B00A523D9 /* Frameworks */,
				D97D904A1F1F9B5B00A523D9 /* Resources */,
			);
			buildRules = (
			);
			dependencies = (
				D97D904F1F1F9B5C00A523D9 /* PBXTargetDependency */,
				D97D90511F1F9B5C00A523D9 /* PBXTargetDependency */,
			);
			name = CoordinateKitTests;
			productName = CoordinateKitTests;
			productReference = D97D904C1F1F9B5B00A523D9 /* CoordinateKitTests.xctest */;
			productType = "com.apple.product-type.bundle.unit-test";
		};
/* End PBXNativeTarget section */

/* Begin PBXProject section */
		D97D90051F1F9B0600A523D9 /* Project object */ = {
			isa = PBXProject;
			attributes = {
				LastSwiftUpdateCheck = 0830;
				LastUpgradeCheck = 0830;
				ORGANIZATIONNAME = "zhi zhou";
				TargetAttributes = {
					D97D900C1F1F9B0600A523D9 = {
						CreatedOnToolsVersion = 8.3.3;
						DevelopmentTeam = 4UH48N8U4B;
						ProvisioningStyle = Automatic;
					};
					D97D90201F1F9B0600A523D9 = {
						CreatedOnToolsVersion = 8.3.3;
						DevelopmentTeam = 4UH48N8U4B;
						ProvisioningStyle = Automatic;
						TestTargetID = D97D900C1F1F9B0600A523D9;
					};
					D97D902B1F1F9B0600A523D9 = {
						CreatedOnToolsVersion = 8.3.3;
						DevelopmentTeam = 4UH48N8U4B;
						ProvisioningStyle = Automatic;
						TestTargetID = D97D900C1F1F9B0600A523D9;
					};
					D97D90431F1F9B5B00A523D9 = {
						CreatedOnToolsVersion = 8.3.3;
						DevelopmentTeam = 4UH48N8U4B;
						LastSwiftMigration = 0830;
						ProvisioningStyle = Automatic;
					};
					D97D904B1F1F9B5B00A523D9 = {
						CreatedOnToolsVersion = 8.3.3;
						DevelopmentTeam = 4UH48N8U4B;
						ProvisioningStyle = Automatic;
						TestTargetID = D97D900C1F1F9B0600A523D9;
					};
				};
			};
			buildConfigurationList = D97D90081F1F9B0600A523D9 /* Build configuration list for PBXProject "CoordinateTransformation" */;
			compatibilityVersion = "Xcode 3.2";
			developmentRegion = English;
			hasScannedForEncodings = 0;
			knownRegions = (
				en,
				Base,
			);
			mainGroup = D97D90041F1F9B0600A523D9;
			productRefGroup = D97D900E1F1F9B0600A523D9 /* Products */;
			projectDirPath = "";
			projectRoot = "";
			targets = (
				D97D900C1F1F9B0600A523D9 /* CoordinateTransformation */,
				D97D90201F1F9B0600A523D9 /* CoordinateTransformationTests */,
				D97D902B1F1F9B0600A523D9 /* CoordinateTransformationUITests */,
				D97D90431F1F9B5B00A523D9 /* CoordinateKit */,
				D97D904B1F1F9B5B00A523D9 /* CoordinateKitTests */,
			);
		};
/* End PBXProject section */

/* Begin PBXResourcesBuildPhase section */
		D97D900B1F1F9B0600A523D9 /* Resources */ = {
			isa = PBXResourcesBuildPhase;
			buildActionMask = 2147483647;
			files = (
				D97D901B1F1F9B0600A523D9 /* LaunchScreen.storyboard in Resources */,
				D97D90181F1F9B0600A523D9 /* Assets.xcassets in Resources */,
				D97D90161F1F9B0600A523D9 /* Main.storyboard in Resources */,
			);
			runOnlyForDeploymentPostprocessing = 0;
		};
		D97D901F1F1F9B0600A523D9 /* Resources */ = {
			isa = PBXResourcesBuildPhase;
			buildActionMask = 2147483647;
			files = (
			);
			runOnlyForDeploymentPostprocessing = 0;
		};
		D97D902A1F1F9B0600A523D9 /* Resources */ = {
			isa = PBXResourcesBuildPhase;
			buildActionMask = 2147483647;
			files = (
			);
			runOnlyForDeploymentPostprocessing = 0;
		};
		D97D90421F1F9B5B00A523D9 /* Resources */ = {
			isa = PBXResourcesBuildPhase;
			buildActionMask = 2147483647;
			files = (
			);
			runOnlyForDeploymentPostprocessing = 0;
		};
		D97D904A1F1F9B5B00A523D9 /* Resources */ = {
			isa = PBXResourcesBuildPhase;
			buildActionMask = 2147483647;
			files = (
			);
			runOnlyForDeploymentPostprocessing = 0;
		};
/* End PBXResourcesBuildPhase section */

/* Begin PBXSourcesBuildPhase section */
		D97D90091F1F9B0600A523D9 /* Sources */ = {
			isa = PBXSourcesBuildPhase;
			buildActionMask = 2147483647;
			files = (
				D97D90131F1F9B0600A523D9 /* ViewController.swift in Sources */,
				D97D90111F1F9B0600A523D9 /* AppDelegate.swift in Sources */,
			);
			runOnlyForDeploymentPostprocessing = 0;
		};
		D97D901D1F1F9B0600A523D9 /* Sources */ = {
			isa = PBXSourcesBuildPhase;
			buildActionMask = 2147483647;
			files = (
				D97D90261F1F9B0600A523D9 /* CoordinateTransformationTests.swift in Sources */,
			);
			runOnlyForDeploymentPostprocessing = 0;
		};
		D97D90281F1F9B0600A523D9 /* Sources */ = {
			isa = PBXSourcesBuildPhase;
			buildActionMask = 2147483647;
			files = (
				D97D90311F1F9B0600A523D9 /* CoordinateTransformationUITests.swift in Sources */,
			);
			runOnlyForDeploymentPostprocessing = 0;
		};
		D97D903F1F1F9B5B00A523D9 /* Sources */ = {
			isa = PBXSourcesBuildPhase;
			buildActionMask = 2147483647;
			files = (
				D97D90641F1F9B9500A523D9 /* CoordinateTransformation.swift in Sources */,
			);
			runOnlyForDeploymentPostprocessing = 0;
		};
		D97D90481F1F9B5B00A523D9 /* Sources */ = {
			isa = PBXSourcesBuildPhase;
			buildActionMask = 2147483647;
			files = (
				D97D90541F1F9B5C00A523D9 /* CoordinateKitTests.swift in Sources */,
			);
			runOnlyForDeploymentPostprocessing = 0;
		};
/* End PBXSourcesBuildPhase section */

/* Begin PBXTargetDependency section */
		D97D90231F1F9B0600A523D9 /* PBXTargetDependency */ = {
			isa = PBXTargetDependency;
			target = D97D900C1F1F9B0600A523D9 /* CoordinateTransformation */;
			targetProxy = D97D90221F1F9B0600A523D9 /* PBXContainerItemProxy */;
		};
		D97D902E1F1F9B0600A523D9 /* PBXTargetDependency */ = {
			isa = PBXTargetDependency;
			target = D97D900C1F1F9B0600A523D9 /* CoordinateTransformation */;
			targetProxy = D97D902D1F1F9B0600A523D9 /* PBXContainerItemProxy */;
		};
		D97D904F1F1F9B5C00A523D9 /* PBXTargetDependency */ = {
			isa = PBXTargetDependency;
			target = D97D90431F1F9B5B00A523D9 /* CoordinateKit */;
			targetProxy = D97D904E1F1F9B5C00A523D9 /* PBXContainerItemProxy */;
		};
		D97D90511F1F9B5C00A523D9 /* PBXTargetDependency */ = {
			isa = PBXTargetDependency;
			target = D97D900C1F1F9B0600A523D9 /* CoordinateTransformation */;
			targetProxy = D97D90501F1F9B5C00A523D9 /* PBXContainerItemProxy */;
		};
		D97D90581F1F9B5C00A523D9 /* PBXTargetDependency */ = {
			isa = PBXTargetDependency;
			target = D97D90431F1F9B5B00A523D9 /* CoordinateKit */;
			targetProxy = D97D90571F1F9B5C00A523D9 /* PBXContainerItemProxy */;
		};
/* End PBXTargetDependency section */

/* Begin PBXVariantGroup section */
		D97D90141F1F9B0600A523D9 /* Main.storyboard */ = {
			isa = PBXVariantGroup;
			children = (
				D97D90151F1F9B0600A523D9 /* Base */,
			);
			name = Main.storyboard;
			sourceTree = "<group>";
		};
		D97D90191F1F9B0600A523D9 /* LaunchScreen.storyboard */ = {
			isa = PBXVariantGroup;
			children = (
				D97D901A1F1F9B0600A523D9 /* Base */,
			);
			name = LaunchScreen.storyboard;
			sourceTree = "<group>";
		};
/* End PBXVariantGroup section */

/* Begin XCBuildConfiguration section */
		D97D90331F1F9B0600A523D9 /* Debug */ = {
			isa = XCBuildConfiguration;
			buildSettings = {
				ALWAYS_SEARCH_USER_PATHS = NO;
				CLANG_ANALYZER_NONNULL = YES;
				CLANG_ANALYZER_NUMBER_OBJECT_CONVERSION = YES_AGGRESSIVE;
				CLANG_CXX_LANGUAGE_STANDARD = "gnu++0x";
				CLANG_CXX_LIBRARY = "libc++";
				CLANG_ENABLE_MODULES = YES;
				CLANG_ENABLE_OBJC_ARC = YES;
				CLANG_WARN_BOOL_CONVERSION = YES;
				CLANG_WARN_CONSTANT_CONVERSION = YES;
				CLANG_WARN_DIRECT_OBJC_ISA_USAGE = YES_ERROR;
				CLANG_WARN_DOCUMENTATION_COMMENTS = YES;
				CLANG_WARN_EMPTY_BODY = YES;
				CLANG_WARN_ENUM_CONVERSION = YES;
				CLANG_WARN_INFINITE_RECURSION = YES;
				CLANG_WARN_INT_CONVERSION = YES;
				CLANG_WARN_OBJC_ROOT_CLASS = YES_ERROR;
				CLANG_WARN_SUSPICIOUS_MOVE = YES;
				CLANG_WARN_UNREACHABLE_CODE = YES;
				CLANG_WARN__DUPLICATE_METHOD_MATCH = YES;
				"CODE_SIGN_IDENTITY[sdk=iphoneos*]" = "iPhone Developer";
				COPY_PHASE_STRIP = NO;
				DEBUG_INFORMATION_FORMAT = dwarf;
				ENABLE_STRICT_OBJC_MSGSEND = YES;
				ENABLE_TESTABILITY = YES;
				GCC_C_LANGUAGE_STANDARD = gnu99;
				GCC_DYNAMIC_NO_PIC = NO;
				GCC_NO_COMMON_BLOCKS = YES;
				GCC_OPTIMIZATION_LEVEL = 0;
				GCC_PREPROCESSOR_DEFINITIONS = (
					"DEBUG=1",
					"$(inherited)",
				);
				GCC_WARN_64_TO_32_BIT_CONVERSION = YES;
				GCC_WARN_ABOUT_RETURN_TYPE = YES_ERROR;
				GCC_WARN_UNDECLARED_SELECTOR = YES;
				GCC_WARN_UNINITIALIZED_AUTOS = YES_AGGRESSIVE;
				GCC_WARN_UNUSED_FUNCTION = YES;
				GCC_WARN_UNUSED_VARIABLE = YES;
				IPHONEOS_DEPLOYMENT_TARGET = 10.0;
				MTL_ENABLE_DEBUG_INFO = YES;
				ONLY_ACTIVE_ARCH = YES;
				SDKROOT = iphoneos;
				SWIFT_ACTIVE_COMPILATION_CONDITIONS = DEBUG;
				SWIFT_OPTIMIZATION_LEVEL = "-Onone";
			};
			name = Debug;
		};
		D97D90341F1F9B0600A523D9 /* Release */ = {
			isa = XCBuildConfiguration;
			buildSettings = {
				ALWAYS_SEARCH_USER_PATHS = NO;
				CLANG_ANALYZER_NONNULL = YES;
				CLANG_ANALYZER_NUMBER_OBJECT_CONVERSION = YES_AGGRESSIVE;
				CLANG_CXX_LANGUAGE_STANDARD = "gnu++0x";
				CLANG_CXX_LIBRARY = "libc++";
				CLANG_ENABLE_MODULES = YES;
				CLANG_ENABLE_OBJC_ARC = YES;
				CLANG_WARN_BOOL_CONVERSION = YES;
				CLANG_WARN_CONSTANT_CONVERSION = YES;
				CLANG_WARN_DIRECT_OBJC_ISA_USAGE = YES_ERROR;
				CLANG_WARN_DOCUMENTATION_COMMENTS = YES;
				CLANG_WARN_EMPTY_BODY = YES;
				CLANG_WARN_ENUM_CONVERSION = YES;
				CLANG_WARN_INFINITE_RECURSION = YES;
				CLANG_WARN_INT_CONVERSION = YES;
				CLANG_WARN_OBJC_ROOT_CLASS = YES_ERROR;
				CLANG_WARN_SUSPICIOUS_MOVE = YES;
				CLANG_WARN_UNREACHABLE_CODE = YES;
				CLANG_WARN__DUPLICATE_METHOD_MATCH = YES;
				"CODE_SIGN_IDENTITY[sdk=iphoneos*]" = "iPhone Developer";
				COPY_PHASE_STRIP = NO;
				DEBUG_INFORMATION_FORMAT = "dwarf-with-dsym";
				ENABLE_NS_ASSERTIONS = NO;
				ENABLE_STRICT_OBJC_MSGSEND = YES;
				GCC_C_LANGUAGE_STANDARD = gnu99;
				GCC_NO_COMMON_BLOCKS = YES;
				GCC_WARN_64_TO_32_BIT_CONVERSION = YES;
				GCC_WARN_ABOUT_RETURN_TYPE = YES_ERROR;
				GCC_WARN_UNDECLARED_SELECTOR = YES;
				GCC_WARN_UNINITIALIZED_AUTOS = YES_AGGRESSIVE;
				GCC_WARN_UNUSED_FUNCTION = YES;
				GCC_WARN_UNUSED_VARIABLE = YES;
				IPHONEOS_DEPLOYMENT_TARGET = 10.0;
				MTL_ENABLE_DEBUG_INFO = NO;
				SDKROOT = iphoneos;
				SWIFT_OPTIMIZATION_LEVEL = "-Owholemodule";
				VALIDATE_PRODUCT = YES;
			};
			name = Release;
		};
		D97D90361F1F9B0600A523D9 /* Debug */ = {
			isa = XCBuildConfiguration;
			buildSettings = {
				ALWAYS_EMBED_SWIFT_STANDARD_LIBRARIES = YES;
				ASSETCATALOG_COMPILER_APPICON_NAME = AppIcon;
				DEVELOPMENT_TEAM = 4UH48N8U4B;
				INFOPLIST_FILE = CoordinateTransformation/Info.plist;
				LD_RUNPATH_SEARCH_PATHS = "$(inherited) @executable_path/Frameworks";
				PRODUCT_BUNDLE_IDENTIFIER = com.zhi.CoordinateTransformation;
				PRODUCT_NAME = "$(TARGET_NAME)";
				SWIFT_VERSION = 3.0;
			};
			name = Debug;
		};
		D97D90371F1F9B0600A523D9 /* Release */ = {
			isa = XCBuildConfiguration;
			buildSettings = {
				ALWAYS_EMBED_SWIFT_STANDARD_LIBRARIES = YES;
				ASSETCATALOG_COMPILER_APPICON_NAME = AppIcon;
				DEVELOPMENT_TEAM = 4UH48N8U4B;
				INFOPLIST_FILE = CoordinateTransformation/Info.plist;
				LD_RUNPATH_SEARCH_PATHS = "$(inherited) @executable_path/Frameworks";
				PRODUCT_BUNDLE_IDENTIFIER = com.zhi.CoordinateTransformation;
				PRODUCT_NAME = "$(TARGET_NAME)";
				SWIFT_VERSION = 3.0;
			};
			name = Release;
		};
		D97D90391F1F9B0600A523D9 /* Debug */ = {
			isa = XCBuildConfiguration;
			buildSettings = {
				ALWAYS_EMBED_SWIFT_STANDARD_LIBRARIES = YES;
				BUNDLE_LOADER = "$(TEST_HOST)";
				DEVELOPMENT_TEAM = 4UH48N8U4B;
				INFOPLIST_FILE = CoordinateTransformationTests/Info.plist;
				LD_RUNPATH_SEARCH_PATHS = "$(inherited) @executable_path/Frameworks @loader_path/Frameworks";
				PRODUCT_BUNDLE_IDENTIFIER = com.zhi.CoordinateTransformationTests;
				PRODUCT_NAME = "$(TARGET_NAME)";
				SWIFT_VERSION = 3.0;
				TEST_HOST = "$(BUILT_PRODUCTS_DIR)/CoordinateTransformation.app/CoordinateTransformation";
			};
			name = Debug;
		};
		D97D903A1F1F9B0600A523D9 /* Release */ = {
			isa = XCBuildConfiguration;
			buildSettings = {
				ALWAYS_EMBED_SWIFT_STANDARD_LIBRARIES = YES;
				BUNDLE_LOADER = "$(TEST_HOST)";
				DEVELOPMENT_TEAM = 4UH48N8U4B;
				INFOPLIST_FILE = CoordinateTransformationTests/Info.plist;
				LD_RUNPATH_SEARCH_PATHS = "$(inherited) @executable_path/Frameworks @loader_path/Frameworks";
				PRODUCT_BUNDLE_IDENTIFIER = com.zhi.CoordinateTransformationTests;
				PRODUCT_NAME = "$(TARGET_NAME)";
				SWIFT_VERSION = 3.0;
				TEST_HOST = "$(BUILT_PRODUCTS_DIR)/CoordinateTransformation.app/CoordinateTransformation";
			};
			name = Release;
		};
		D97D903C1F1F9B0600A523D9 /* Debug */ = {
			isa = XCBuildConfiguration;
			buildSettings = {
				ALWAYS_EMBED_SWIFT_STANDARD_LIBRARIES = YES;
				DEVELOPMENT_TEAM = 4UH48N8U4B;
				INFOPLIST_FILE = CoordinateTransformationUITests/Info.plist;
				LD_RUNPATH_SEARCH_PATHS = "$(inherited) @executable_path/Frameworks @loader_path/Frameworks";
				PRODUCT_BUNDLE_IDENTIFIER = com.zhi.CoordinateTransformationUITests;
				PRODUCT_NAME = "$(TARGET_NAME)";
				SWIFT_VERSION = 3.0;
				TEST_TARGET_NAME = CoordinateTransformation;
			};
			name = Debug;
		};
		D97D903D1F1F9B0600A523D9 /* Release */ = {
			isa = XCBuildConfiguration;
			buildSettings = {
				ALWAYS_EMBED_SWIFT_STANDARD_LIBRARIES = YES;
				DEVELOPMENT_TEAM = 4UH48N8U4B;
				INFOPLIST_FILE = CoordinateTransformationUITests/Info.plist;
				LD_RUNPATH_SEARCH_PATHS = "$(inherited) @executable_path/Frameworks @loader_path/Frameworks";
				PRODUCT_BUNDLE_IDENTIFIER = com.zhi.CoordinateTransformationUITests;
				PRODUCT_NAME = "$(TARGET_NAME)";
				SWIFT_VERSION = 3.0;
				TEST_TARGET_NAME = CoordinateTransformation;
			};
			name = Release;
		};
		D97D905C1F1F9B5C00A523D9 /* Debug */ = {
			isa = XCBuildConfiguration;
			buildSettings = {
				CLANG_ENABLE_MODULES = YES;
				CODE_SIGN_IDENTITY = "";
				CURRENT_PROJECT_VERSION = 1;
				DEFINES_MODULE = YES;
				DEVELOPMENT_TEAM = 4UH48N8U4B;
				DYLIB_COMPATIBILITY_VERSION = 1;
				DYLIB_CURRENT_VERSION = 1;
				DYLIB_INSTALL_NAME_BASE = "@rpath";
				INFOPLIST_FILE = CoordinateKit/Info.plist;
				INSTALL_PATH = "$(LOCAL_LIBRARY_DIR)/Frameworks";
				IPHONEOS_DEPLOYMENT_TARGET = 10.0;
				LD_RUNPATH_SEARCH_PATHS = "$(inherited) @executable_path/Frameworks @loader_path/Frameworks";
				PRODUCT_BUNDLE_IDENTIFIER = com.zhi.CoordinateKit;
				PRODUCT_NAME = "$(TARGET_NAME)";
				SKIP_INSTALL = YES;
				SWIFT_OPTIMIZATION_LEVEL = "-Onone";
				SWIFT_VERSION = 3.0;
				TARGETED_DEVICE_FAMILY = "1,2";
				VERSIONING_SYSTEM = "apple-generic";
				VERSION_INFO_PREFIX = "";
			};
			name = Debug;
		};
		D97D905D1F1F9B5C00A523D9 /* Release */ = {
			isa = XCBuildConfiguration;
			buildSettings = {
				CLANG_ENABLE_MODULES = YES;
				CODE_SIGN_IDENTITY = "";
				CURRENT_PROJECT_VERSION = 1;
				DEFINES_MODULE = YES;
				DEVELOPMENT_TEAM = 4UH48N8U4B;
				DYLIB_COMPATIBILITY_VERSION = 1;
				DYLIB_CURRENT_VERSION = 1;
				DYLIB_INSTALL_NAME_BASE = "@rpath";
				INFOPLIST_FILE = CoordinateKit/Info.plist;
				INSTALL_PATH = "$(LOCAL_LIBRARY_DIR)/Frameworks";
				IPHONEOS_DEPLOYMENT_TARGET = 10.0;
				LD_RUNPATH_SEARCH_PATHS = "$(inherited) @executable_path/Frameworks @loader_path/Frameworks";
				PRODUCT_BUNDLE_IDENTIFIER = com.zhi.CoordinateKit;
				PRODUCT_NAME = "$(TARGET_NAME)";
				SKIP_INSTALL = YES;
				SWIFT_VERSION = 3.0;
				TARGETED_DEVICE_FAMILY = "1,2";
				VERSIONING_SYSTEM = "apple-generic";
				VERSION_INFO_PREFIX = "";
			};
			name = Release;
		};
		D97D90601F1F9B5C00A523D9 /* Debug */ = {
			isa = XCBuildConfiguration;
			buildSettings = {
				ALWAYS_EMBED_SWIFT_STANDARD_LIBRARIES = YES;
				DEVELOPMENT_TEAM = 4UH48N8U4B;
				INFOPLIST_FILE = CoordinateKitTests/Info.plist;
				IPHONEOS_DEPLOYMENT_TARGET = 10.3;
				LD_RUNPATH_SEARCH_PATHS = "$(inherited) @executable_path/Frameworks @loader_path/Frameworks";
				PRODUCT_BUNDLE_IDENTIFIER = com.zhi.CoordinateKitTests;
				PRODUCT_NAME = "$(TARGET_NAME)";
				SWIFT_VERSION = 3.0;
				TEST_HOST = "$(BUILT_PRODUCTS_DIR)/CoordinateTransformation.app/CoordinateTransformation";
			};
			name = Debug;
		};
		D97D90611F1F9B5C00A523D9 /* Release */ = {
			isa = XCBuildConfiguration;
			buildSettings = {
				ALWAYS_EMBED_SWIFT_STANDARD_LIBRARIES = YES;
				DEVELOPMENT_TEAM = 4UH48N8U4B;
				INFOPLIST_FILE = CoordinateKitTests/Info.plist;
				IPHONEOS_DEPLOYMENT_TARGET = 10.3;
				LD_RUNPATH_SEARCH_PATHS = "$(inherited) @executable_path/Frameworks @loader_path/Frameworks";
				PRODUCT_BUNDLE_IDENTIFIER = com.zhi.CoordinateKitTests;
				PRODUCT_NAME = "$(TARGET_NAME)";
				SWIFT_VERSION = 3.0;
				TEST_HOST = "$(BUILT_PRODUCTS_DIR)/CoordinateTransformation.app/CoordinateTransformation";
			};
			name = Release;
		};
/* End XCBuildConfiguration section */

/* Begin XCConfigurationList section */
		D97D90081F1F9B0600A523D9 /* Build configuration list for PBXProject "CoordinateTransformation" */ = {
			isa = XCConfigurationList;
			buildConfigurations = (
				D97D90331F1F9B0600A523D9 /* Debug */,
				D97D90341F1F9B0600A523D9 /* Release */,
			);
			defaultConfigurationIsVisible = 0;
			defaultConfigurationName = Release;
		};
		D97D90351F1F9B0600A523D9 /* Build configuration list for PBXNativeTarget "CoordinateTransformation" */ = {
			isa = XCConfigurationList;
			buildConfigurations = (
				D97D90361F1F9B0600A523D9 /* Debug */,
				D97D90371F1F9B0600A523D9 /* Release */,
			);
			defaultConfigurationIsVisible = 0;
		};
		D97D90381F1F9B0600A523D9 /* Build configuration list for PBXNativeTarget "CoordinateTransformationTests" */ = {
			isa = XCConfigurationList;
			buildConfigurations = (
				D97D90391F1F9B0600A523D9 /* Debug */,
				D97D903A1F1F9B0600A523D9 /* Release */,
			);
			defaultConfigurationIsVisible = 0;
		};
		D97D903B1F1F9B0600A523D9 /* Build configuration list for PBXNativeTarget "CoordinateTransformationUITests" */ = {
			isa = XCConfigurationList;
			buildConfigurations = (
				D97D903C1F1F9B0600A523D9 /* Debug */,
				D97D903D1F1F9B0600A523D9 /* Release */,
			);
			defaultConfigurationIsVisible = 0;
		};
		D97D905B1F1F9B5C00A523D9 /* Build configuration list for PBXNativeTarget "CoordinateKit" */ = {
			isa = XCConfigurationList;
			buildConfigurations = (
				D97D905C1F1F9B5C00A523D9 /* Debug */,
				D97D905D1F1F9B5C00A523D9 /* Release */,
			);
			defaultConfigurationIsVisible = 0;
		};
		D97D905F1F1F9B5C00A523D9 /* Build configuration list for PBXNativeTarget "CoordinateKitTests" */ = {
			isa = XCConfigurationList;
			buildConfigurations = (
				D97D90601F1F9B5C00A523D9 /* Debug */,
				D97D90611F1F9B5C00A523D9 /* Release */,
			);
			defaultConfigurationIsVisible = 0;
		};
/* End XCConfigurationList section */
	};
	rootObject = D97D90051F1F9B0600A523D9 /* Project object */;
}
